{
  "name": "my-app",
  "version": "0.1.0",
  "lockfileVersion": 3,
  "requires": true,
  "packages": {
    "": {
      "name": "my-app",
      "version": "0.1.0",
      "dependencies": {
        "@syncfusion/ej2-react-grids": "*",
        "@syncfusion/ej2-react-pdfviewer": "*",
        "@types/node": "18.11.12",
        "@types/react": "18.0.26",
        "@types/react-dom": "18.0.9",
        "next": "14.0.0",
        "react": "18.2.0",
        "react-dom": "18.2.0",
        "typescript": "4.9.4"
      }
    },
    "node_modules/@next/env": {
      "version": "14.0.0",
      "resolved": "https://registry.npmjs.org/@next/env/-/env-14.0.0.tgz",
      "integrity": "sha512-cIKhxkfVELB6hFjYsbtEeTus2mwrTC+JissfZYM0n+8Fv+g8ucUfOlm3VEDtwtwydZ0Nuauv3bl0qF82nnCAqA=="
    },
    "node_modules/@next/swc-darwin-arm64": {
      "version": "14.0.0",
      "resolved": "https://registry.npmjs.org/@next/swc-darwin-arm64/-/swc-darwin-arm64-14.0.0.tgz",
      "integrity": "sha512-HQKi159jCz4SRsPesVCiNN6tPSAFUkOuSkpJsqYTIlbHLKr1mD6be/J0TvWV6fwJekj81bZV9V/Tgx3C2HO9lA==",
      "cpu": [
        "arm64"
      ],
      "optional": true,
      "os": [
        "darwin"
      ],
      "engines": {
        "node": ">= 10"
      }
    },
    "node_modules/@next/swc-darwin-x64": {
      "version": "14.0.0",
      "resolved": "https://registry.npmjs.org/@next/swc-darwin-x64/-/swc-darwin-x64-14.0.0.tgz",
      "integrity": "sha512-4YyQLMSaCgX/kgC1jjF3s3xSoBnwHuDhnF6WA1DWNEYRsbOOPWjcYhv8TKhRe2ApdOam+VfQSffC4ZD+X4u1Cg==",
      "cpu": [
        "x64"
      ],
      "optional": true,
      "os": [
        "darwin"
      ],
      "engines": {
        "node": ">= 10"
      }
    },
    "node_modules/@next/swc-linux-arm64-gnu": {
      "version": "14.0.0",
      "resolved": "https://registry.npmjs.org/@next/swc-linux-arm64-gnu/-/swc-linux-arm64-gnu-14.0.0.tgz",
      "integrity": "sha512-io7fMkJ28Glj7SH8yvnlD6naIhRDnDxeE55CmpQkj3+uaA2Hko6WGY2pT5SzpQLTnGGnviK85cy8EJ2qsETj/g==",
      "cpu": [
        "arm64"
      ],
      "optional": true,
      "os": [
        "linux"
      ],
      "engines": {
        "node": ">= 10"
      }
    },
    "node_modules/@next/swc-linux-arm64-musl": {
      "version": "14.0.0",
      "resolved": "https://registry.npmjs.org/@next/swc-linux-arm64-musl/-/swc-linux-arm64-musl-14.0.0.tgz",
      "integrity": "sha512-nC2h0l1Jt8LEzyQeSs/BKpXAMe0mnHIMykYALWaeddTqCv5UEN8nGO3BG8JAqW/Y8iutqJsaMe2A9itS0d/r8w==",
      "cpu": [
        "arm64"
      ],
      "optional": true,
      "os": [
        "linux"
      ],
      "engines": {
        "node": ">= 10"
      }
    },
    "node_modules/@next/swc-linux-x64-gnu": {
      "version": "14.0.0",
      "resolved": "https://registry.npmjs.org/@next/swc-linux-x64-gnu/-/swc-linux-x64-gnu-14.0.0.tgz",
      "integrity": "sha512-Wf+WjXibJQ7hHXOdNOmSMW5bxeJHVf46Pwb3eLSD2L76NrytQlif9NH7JpHuFlYKCQGfKfgSYYre5rIfmnSwQw==",
      "cpu": [
        "x64"
      ],
      "optional": true,
      "os": [
        "linux"
      ],
      "engines": {
        "node": ">= 10"
      }
    },
    "node_modules/@next/swc-linux-x64-musl": {
      "version": "14.0.0",
      "resolved": "https://registry.npmjs.org/@next/swc-linux-x64-musl/-/swc-linux-x64-musl-14.0.0.tgz",
      "integrity": "sha512-WTZb2G7B+CTsdigcJVkRxfcAIQj7Lf0ipPNRJ3vlSadU8f0CFGv/ST+sJwF5eSwIe6dxKoX0DG6OljDBaad+rg==",
      "cpu": [
        "x64"
      ],
      "optional": true,
      "os": [
        "linux"
      ],
      "engines": {
        "node": ">= 10"
      }
    },
    "node_modules/@next/swc-win32-arm64-msvc": {
      "version": "14.0.0",
      "resolved": "https://registry.npmjs.org/@next/swc-win32-arm64-msvc/-/swc-win32-arm64-msvc-14.0.0.tgz",
      "integrity": "sha512-7R8/x6oQODmNpnWVW00rlWX90sIlwluJwcvMT6GXNIBOvEf01t3fBg0AGURNKdTJg2xNuP7TyLchCL7Lh2DTiw==",
      "cpu": [
        "arm64"
      ],
      "optional": true,
      "os": [
        "win32"
      ],
      "engines": {
        "node": ">= 10"
      }
    },
    "node_modules/@next/swc-win32-ia32-msvc": {
      "version": "14.0.0",
      "resolved": "https://registry.npmjs.org/@next/swc-win32-ia32-msvc/-/swc-win32-ia32-msvc-14.0.0.tgz",
      "integrity": "sha512-RLK1nELvhCnxaWPF07jGU4x3tjbyx2319q43loZELqF0+iJtKutZ+Lk8SVmf/KiJkYBc7Cragadz7hb3uQvz4g==",
      "cpu": [
        "ia32"
      ],
      "optional": true,
      "os": [
        "win32"
      ],
      "engines": {
        "node": ">= 10"
      }
    },
    "node_modules/@next/swc-win32-x64-msvc": {
      "version": "14.0.0",
      "resolved": "https://registry.npmjs.org/@next/swc-win32-x64-msvc/-/swc-win32-x64-msvc-14.0.0.tgz",
      "integrity": "sha512-g6hLf1SUko+hnnaywQQZzzb3BRecQsoKkF3o/C+F+dOA4w/noVAJngUVkfwF0+2/8FzNznM7ofM6TGZO9svn7w==",
      "cpu": [
        "x64"
      ],
      "optional": true,
      "os": [
        "win32"
      ],
      "engines": {
        "node": ">= 10"
      }
    },
    "node_modules/@swc/helpers": {
      "version": "0.5.2",
      "resolved": "https://registry.npmjs.org/@swc/helpers/-/helpers-0.5.2.tgz",
      "integrity": "sha512-E4KcWTpoLHqwPHLxidpOqQbcrZVgi0rsmmZXUle1jXmJfuIf/UWpczUJ7MZZ5tlxytgJXyp0w4PGkkeLiuIdZw==",
      "dependencies": {
        "tslib": "^2.4.0"
      }
    },
    "node_modules/@syncfusion/ej2-base": {
      "version": "25.1.35",
      "resolved": "https://registry.npmjs.org/@syncfusion/ej2-base/-/ej2-base-25.1.35.tgz",
      "integrity": "sha512-eH/zLft7j5jhbNquVNcKoDmlx+ZU/77mHAJwpG9Ad4+C/+7UcWlIi/RDORJ0QreosZM4gMyCYzxDAZ5QOI3txw==",
      "dependencies": {
        "@syncfusion/ej2-icons": "~25.1.35"
      },
      "bin": {
        "syncfusion-license": "bin/syncfusion-license.js"
      }
    },
    "node_modules/@syncfusion/ej2-buttons": {
      "version": "25.1.39",
      "resolved": "https://registry.npmjs.org/@syncfusion/ej2-buttons/-/ej2-buttons-25.1.39.tgz",
      "integrity": "sha512-QUAiHhswM3hP0pGjantmc785yntT3JBx0UEZtL3cG9bZLjRQLi2cAGmWDdA1U6cBmsEvf0vzvRS7uhAnfRN0JQ==",
      "dependencies": {
        "@syncfusion/ej2-base": "~25.1.35"
      }
    },
    "node_modules/@syncfusion/ej2-calendars": {
      "version": "25.1.40",
      "resolved": "https://registry.npmjs.org/@syncfusion/ej2-calendars/-/ej2-calendars-25.1.40.tgz",
      "integrity": "sha512-XV+iY0MsdkSe2LiCVpiva93jzuz74e2PK4kuY0mglE6lkTaHUP8wW80dNxQkTdmv7YKCAKJCFltJinZvWwDzmg==",
      "dependencies": {
        "@syncfusion/ej2-base": "~25.1.35",
        "@syncfusion/ej2-buttons": "~25.1.39",
        "@syncfusion/ej2-inputs": "~25.1.40",
        "@syncfusion/ej2-lists": "~25.1.39",
        "@syncfusion/ej2-popups": "~25.1.39"
      }
    },
    "node_modules/@syncfusion/ej2-compression": {
      "version": "25.1.35",
      "resolved": "https://registry.npmjs.org/@syncfusion/ej2-compression/-/ej2-compression-25.1.35.tgz",
      "integrity": "sha512-x9q6l9BOkM1fowejGUuKWK2sYFgZH5HPoVUwPpFXKXFvbJgzzVCAng+7Yojz5DIK7dfrR4KCLvp9jjqCVqZ5/Q==",
      "dependencies": {
        "@syncfusion/ej2-file-utils": "~25.1.35"
      }
    },
    "node_modules/@syncfusion/ej2-data": {
      "version": "25.1.35",
      "resolved": "https://registry.npmjs.org/@syncfusion/ej2-data/-/ej2-data-25.1.35.tgz",
      "integrity": "sha512-eHWkoQcokKFiLUMpcw2IM1ul9v8HeRgIrUzowyWPpamuZASX8luczDy3VLR5AX0YeiE9aNv3QKsr04t4F1GRcQ==",
      "dependencies": {
        "@syncfusion/ej2-base": "~25.1.35"
      }
    },
    "node_modules/@syncfusion/ej2-drawings": {
      "version": "25.1.41",
      "resolved": "https://registry.npmjs.org/@syncfusion/ej2-drawings/-/ej2-drawings-25.1.41.tgz",
      "integrity": "sha512-03bu5pqvvGHdhESizK2JV9Kl4RwbyC+U1h1MrbNoQJCwqBABybUB7y36MO5xN7fORZdmH8Zdbjb0QznflV0pfw==",
      "dependencies": {
        "@syncfusion/ej2-base": "~25.1.35",
        "@syncfusion/ej2-data": "~25.1.35"
      }
    },
    "node_modules/@syncfusion/ej2-dropdowns": {
      "version": "25.1.41",
      "resolved": "https://registry.npmjs.org/@syncfusion/ej2-dropdowns/-/ej2-dropdowns-25.1.41.tgz",
      "integrity": "sha512-nX/7uoaCWJi7H/iPPXR79vXGnyBshxp2dDzcGZT8O7KjHr9FdCfJLpRAnZMecfKssLOOiuVaL92JsaMwAeN4Ug==",
      "dependencies": {
        "@syncfusion/ej2-base": "~25.1.35",
        "@syncfusion/ej2-data": "~25.1.35",
        "@syncfusion/ej2-inputs": "~25.1.40",
        "@syncfusion/ej2-lists": "~25.1.41",
        "@syncfusion/ej2-navigations": "~25.1.41",
        "@syncfusion/ej2-notifications": "~25.1.35",
        "@syncfusion/ej2-popups": "~25.1.41"
      }
    },
    "node_modules/@syncfusion/ej2-excel-export": {
      "version": "25.1.35",
      "resolved": "https://registry.npmjs.org/@syncfusion/ej2-excel-export/-/ej2-excel-export-25.1.35.tgz",
      "integrity": "sha512-zqJ6e1iKY+ByUToROaTdjommnBjhW2FqycBONeDe0GzCT3lhPzT0LORLJHslYfC5kQopXzd8pwYVT85xHotF1w==",
      "dependencies": {
        "@syncfusion/ej2-base": "~25.1.35",
        "@syncfusion/ej2-compression": "~25.1.35"
      }
    },
    "node_modules/@syncfusion/ej2-file-utils": {
      "version": "25.1.35",
      "resolved": "https://registry.npmjs.org/@syncfusion/ej2-file-utils/-/ej2-file-utils-25.1.35.tgz",
      "integrity": "sha512-nBkZXnGtBt5MFpTkJdvvEKS65HGLa5UM1pQq34K/Cdx4YPlxzStQkVo4RyamXqwtadhLqmpKc9zGolHvUw7KvA=="
    },
    "node_modules/@syncfusion/ej2-filemanager": {
      "version": "25.1.40",
      "resolved": "https://registry.npmjs.org/@syncfusion/ej2-filemanager/-/ej2-filemanager-25.1.40.tgz",
      "integrity": "sha512-ksQhCsCbwu1P57c+HzfRyCosH5ukMU1r/SX3vyYAME6JdvjgpSuL8wa1D9l8pteseQOJecK2RlIODOge56waqg==",
      "dependencies": {
        "@syncfusion/ej2-base": "~25.1.35",
        "@syncfusion/ej2-buttons": "~25.1.39",
        "@syncfusion/ej2-data": "~25.1.35",
        "@syncfusion/ej2-grids": "~25.1.40",
        "@syncfusion/ej2-inputs": "~25.1.40",
        "@syncfusion/ej2-layouts": "~25.1.37",
        "@syncfusion/ej2-lists": "~25.1.39",
        "@syncfusion/ej2-navigations": "~25.1.40",
        "@syncfusion/ej2-popups": "~25.1.39",
        "@syncfusion/ej2-splitbuttons": "~25.1.38"
      }
    },
    "node_modules/@syncfusion/ej2-grids": {
      "version": "25.1.41",
      "resolved": "https://registry.npmjs.org/@syncfusion/ej2-grids/-/ej2-grids-25.1.41.tgz",
      "integrity": "sha512-LrZoSL5elzPfN5suvBvYRTjyZbyvHSWFs9XqBxULIDJ/86eYMyEWJveC5j8Tz9XMedrtZSOtt06DqEQpVFz9VA==",
      "dependencies": {
        "@syncfusion/ej2-base": "~25.1.35",
        "@syncfusion/ej2-buttons": "~25.1.39",
        "@syncfusion/ej2-calendars": "~25.1.40",
        "@syncfusion/ej2-compression": "~25.1.35",
        "@syncfusion/ej2-data": "~25.1.35",
        "@syncfusion/ej2-dropdowns": "~25.1.41",
        "@syncfusion/ej2-excel-export": "~25.1.35",
        "@syncfusion/ej2-file-utils": "~25.1.35",
        "@syncfusion/ej2-inputs": "~25.1.40",
        "@syncfusion/ej2-lists": "~25.1.41",
        "@syncfusion/ej2-navigations": "~25.1.41",
        "@syncfusion/ej2-notifications": "~25.1.35",
        "@syncfusion/ej2-pdf-export": "~25.1.38",
        "@syncfusion/ej2-popups": "~25.1.41",
        "@syncfusion/ej2-splitbuttons": "~25.1.38"
      }
    },
    "node_modules/@syncfusion/ej2-icons": {
      "version": "25.1.35",
      "resolved": "https://registry.npmjs.org/@syncfusion/ej2-icons/-/ej2-icons-25.1.35.tgz",
      "integrity": "sha512-E8ypbeB9ISTsaj8Q29w3Ysh6HG35GOdTjfaU6JTCaZ9wP30q04B4WfN9lqcd42Q198qhynFAXd3lJyYev68aGw=="
    },
    "node_modules/@syncfusion/ej2-inplace-editor": {
      "version": "25.1.35",
      "resolved": "https://registry.npmjs.org/@syncfusion/ej2-inplace-editor/-/ej2-inplace-editor-25.1.35.tgz",
      "integrity": "sha512-2x+uJXYf95tzJqPUZdKpygdI2gYK1dEft1zrLUWBayVaY8jS1v+6JuirAz0IOZBzZNl9B+vCFfknZurLi3KatA==",
      "dependencies": {
        "@syncfusion/ej2-base": "~25.1.35",
        "@syncfusion/ej2-buttons": "~25.1.35",
        "@syncfusion/ej2-calendars": "~25.1.35",
        "@syncfusion/ej2-data": "~25.1.35",
        "@syncfusion/ej2-dropdowns": "~25.1.35",
        "@syncfusion/ej2-inputs": "~25.1.35",
        "@syncfusion/ej2-lists": "~25.1.35",
        "@syncfusion/ej2-navigations": "~25.1.35",
        "@syncfusion/ej2-notifications": "~25.1.35",
        "@syncfusion/ej2-popups": "~25.1.35",
        "@syncfusion/ej2-richtexteditor": "~25.1.35",
        "@syncfusion/ej2-splitbuttons": "~25.1.35"
      }
    },
    "node_modules/@syncfusion/ej2-inputs": {
      "version": "25.1.40",
      "resolved": "https://registry.npmjs.org/@syncfusion/ej2-inputs/-/ej2-inputs-25.1.40.tgz",
      "integrity": "sha512-5b3WWx3MFKKqSktKLprzDYSw6kK8m9xPJ5aW5KYxQiBob5cQ5SdE5j4K30MdenDIzjlSofyZ6xX0+UZNgEkhUA==",
      "dependencies": {
        "@syncfusion/ej2-base": "~25.1.35",
        "@syncfusion/ej2-buttons": "~25.1.39",
        "@syncfusion/ej2-popups": "~25.1.39",
        "@syncfusion/ej2-splitbuttons": "~25.1.38"
      }
    },
    "node_modules/@syncfusion/ej2-layouts": {
      "version": "25.1.37",
      "resolved": "https://registry.npmjs.org/@syncfusion/ej2-layouts/-/ej2-layouts-25.1.37.tgz",
      "integrity": "sha512-yk9+BHIjloV1IevgKsac+F2cK7DW7Ay32b+ErqZIkSvYUygNOGyQ36cw0qxEnvnRnJGpDmfwVxfsGC8e5XUcxA==",
      "dependencies": {
        "@syncfusion/ej2-base": "~25.1.35"
      }
    },
    "node_modules/@syncfusion/ej2-lists": {
      "version": "25.1.41",
      "resolved": "https://registry.npmjs.org/@syncfusion/ej2-lists/-/ej2-lists-25.1.41.tgz",
      "integrity": "sha512-taX6vT7F+vgG3VL+y0utOum2NsS1uJSVA77D/kDVN/bxK9eKVQOTzTzJl21Ru8LhD9oHnOiOL+OCB3orQaN5uQ==",
      "dependencies": {
        "@syncfusion/ej2-base": "~25.1.35",
        "@syncfusion/ej2-buttons": "~25.1.39",
        "@syncfusion/ej2-data": "~25.1.35",
        "@syncfusion/ej2-popups": "~25.1.41"
      }
    },
    "node_modules/@syncfusion/ej2-navigations": {
      "version": "25.1.41",
      "resolved": "https://registry.npmjs.org/@syncfusion/ej2-navigations/-/ej2-navigations-25.1.41.tgz",
      "integrity": "sha512-ARizT6b/GK+rKQBKfcu97McVq0GTbGufwCQFg/ZrIB3sOwmFVy4uH0eQ0Vw6h2Hl92QQhf4+PxtIX/eZbAjT1Q==",
      "dependencies": {
        "@syncfusion/ej2-base": "~25.1.35",
        "@syncfusion/ej2-buttons": "~25.1.39",
        "@syncfusion/ej2-data": "~25.1.35",
        "@syncfusion/ej2-inputs": "~25.1.40",
        "@syncfusion/ej2-lists": "~25.1.41",
        "@syncfusion/ej2-popups": "~25.1.41"
      }
    },
    "node_modules/@syncfusion/ej2-notifications": {
      "version": "25.1.35",
      "resolved": "https://registry.npmjs.org/@syncfusion/ej2-notifications/-/ej2-notifications-25.1.35.tgz",
      "integrity": "sha512-ioSI36uCSA9hxB8fiUAvI0u7c2eIs1sw3kC0cfL2HbGHHOmhWjm4yoTIl13sKoXU6Sv2A2V3xsFAf97cBTjFvA==",
      "dependencies": {
        "@syncfusion/ej2-base": "~25.1.35",
        "@syncfusion/ej2-buttons": "~25.1.35",
        "@syncfusion/ej2-popups": "~25.1.35"
      }
    },
    "node_modules/@syncfusion/ej2-pdf": {
      "version": "25.1.41",
      "resolved": "https://registry.npmjs.org/@syncfusion/ej2-pdf/-/ej2-pdf-25.1.41.tgz",
      "integrity": "sha512-dUI1NTIZAP6DUl74g8MpXqCVwKKKmyFMT8DPsC3npMRdfRQlQRM48lfHMY6bPhaxHa6cpKN3+HkmO1xkwTd3xg==",
      "dependencies": {
        "@syncfusion/ej2-base": "~25.1.35",
        "@syncfusion/ej2-compression": "~25.1.35"
      }
    },
    "node_modules/@syncfusion/ej2-pdf-export": {
      "version": "25.1.38",
      "resolved": "https://registry.npmjs.org/@syncfusion/ej2-pdf-export/-/ej2-pdf-export-25.1.38.tgz",
      "integrity": "sha512-j+vdveDoV8DB2kOrwFLUGmL3qE2EnO/8XzGvfDE+DI3QpThjxJTNYPGBuhsTcVPAVYJv7Ysi3I5lpk4tZQQCBg==",
      "dependencies": {
        "@syncfusion/ej2-compression": "~25.1.35"
      }
    },
    "node_modules/@syncfusion/ej2-pdfviewer": {
      "version": "25.1.41",
      "resolved": "https://registry.npmjs.org/@syncfusion/ej2-pdfviewer/-/ej2-pdfviewer-25.1.41.tgz",
      "integrity": "sha512-XeVe10J1IwxBalS1uQ5f1RbLL6gWYGgqHenYFThxafRMJjQJyEPLlq+Xo6akYC9mHkb93SYeanx0yXArc8K3DA==",
      "dependencies": {
        "@syncfusion/ej2-base": "~25.1.35",
        "@syncfusion/ej2-buttons": "~25.1.39",
        "@syncfusion/ej2-data": "~25.1.35",
        "@syncfusion/ej2-drawings": "~25.1.41",
        "@syncfusion/ej2-dropdowns": "~25.1.41",
        "@syncfusion/ej2-inplace-editor": "~25.1.35",
        "@syncfusion/ej2-inputs": "~25.1.40",
        "@syncfusion/ej2-lists": "~25.1.41",
        "@syncfusion/ej2-navigations": "~25.1.41",
        "@syncfusion/ej2-notifications": "~25.1.35",
        "@syncfusion/ej2-pdf": "~25.1.41",
        "@syncfusion/ej2-popups": "~25.1.41"
      }
    },
    "node_modules/@syncfusion/ej2-popups": {
      "version": "25.1.41",
      "resolved": "https://registry.npmjs.org/@syncfusion/ej2-popups/-/ej2-popups-25.1.41.tgz",
      "integrity": "sha512-HP5itRUhATUBfGL6cB849NksKdN/yuENxEO4c+Smno39070LP7FvAiC4f1CfhnpXNtP+mCIT5Pjl0+jvxE/Vbw==",
      "dependencies": {
        "@syncfusion/ej2-base": "~25.1.35",
        "@syncfusion/ej2-buttons": "~25.1.39"
      }
    },
    "node_modules/@syncfusion/ej2-react-base": {
      "version": "25.1.35",
      "resolved": "https://registry.npmjs.org/@syncfusion/ej2-react-base/-/ej2-react-base-25.1.35.tgz",
      "integrity": "sha512-chjK/THRwbRcQTKUL7NyP2VBjtS65uw6e0kieTsQvJ37c3ZZZ3/FpHt9jcqJisStrZ/xp4/y9uSPe6kqBGQBCg==",
      "dependencies": {
        "@syncfusion/ej2-base": "~25.1.35"
      }
    },
    "node_modules/@syncfusion/ej2-react-grids": {
      "version": "25.1.41",
      "resolved": "https://registry.npmjs.org/@syncfusion/ej2-react-grids/-/ej2-react-grids-25.1.41.tgz",
      "integrity": "sha512-jdS+xtpFT7XN6o9GilUwlyUmo15hoMder1psSSpysN8PgBkVMSbce4jgG6PcYLpGtTq2KRKqzTO1RYmQi8JFeg==",
      "dependencies": {
        "@syncfusion/ej2-base": "~25.1.35",
        "@syncfusion/ej2-grids": "25.1.41",
        "@syncfusion/ej2-react-base": "~25.1.35"
      }
    },
    "node_modules/@syncfusion/ej2-react-pdfviewer": {
      "version": "25.1.41",
      "resolved": "https://registry.npmjs.org/@syncfusion/ej2-react-pdfviewer/-/ej2-react-pdfviewer-25.1.41.tgz",
      "integrity": "sha512-XQKCKAs0bU5T+f3XHcYs9cpDn47leMexKG11ly01xSEjR0NX9EIR0jDgebGBiNTBldmJq7vWNipClKSlla9fpA==",
      "dependencies": {
        "@syncfusion/ej2-base": "~25.1.35",
        "@syncfusion/ej2-pdfviewer": "25.1.41",
        "@syncfusion/ej2-react-base": "~25.1.35"
      }
    },
    "node_modules/@syncfusion/ej2-richtexteditor": {
      "version": "25.1.41",
      "resolved": "https://registry.npmjs.org/@syncfusion/ej2-richtexteditor/-/ej2-richtexteditor-25.1.41.tgz",
      "integrity": "sha512-dupaixYZoGxigxh+d1yZO0KptKvwiw0YGV0Swc0SmnNxR4mDRMJhNrH+D+muz6jARuxS3uUwyI1NOcZxOkkkxg==",
      "dependencies": {
        "@syncfusion/ej2-base": "~25.1.35",
        "@syncfusion/ej2-buttons": "~25.1.39",
        "@syncfusion/ej2-filemanager": "~25.1.40",
        "@syncfusion/ej2-inputs": "~25.1.40",
        "@syncfusion/ej2-navigations": "~25.1.41",
        "@syncfusion/ej2-popups": "~25.1.41",
        "@syncfusion/ej2-splitbuttons": "~25.1.38"
      }
    },
    "node_modules/@syncfusion/ej2-splitbuttons": {
      "version": "25.1.38",
      "resolved": "https://registry.npmjs.org/@syncfusion/ej2-splitbuttons/-/ej2-splitbuttons-25.1.38.tgz",
      "integrity": "sha512-D5RkU93v2UdbWeny6qkfwiBx38jDe0suHZv1CYES7dnFcQKkKOUjI2TBwIi5d7aFyf4W8reQt7YPmOyNt/8b/Q==",
      "dependencies": {
        "@syncfusion/ej2-base": "~25.1.35",
        "@syncfusion/ej2-popups": "~25.1.38"
      }
    },
    "node_modules/@types/node": {
      "version": "18.11.12",
      "resolved": "https://registry.npmjs.org/@types/node/-/node-18.11.12.tgz",
      "integrity": "sha512-FgD3NtTAKvyMmD44T07zz2fEf+OKwutgBCEVM8GcvMGVGaDktiLNTDvPwC/LUe3PinMW+X6CuLOF2Ui1mAlSXg=="
    },
    "node_modules/@types/prop-types": {
      "version": "15.7.12",
      "resolved": "https://registry.npmjs.org/@types/prop-types/-/prop-types-15.7.12.tgz",
      "integrity": "sha512-5zvhXYtRNRluoE/jAp4GVsSduVUzNWKkOZrCDBWYtE7biZywwdC2AcEzg+cSMLFRfVgeAFqpfNabiPjxFddV1Q=="
    },
    "node_modules/@types/react": {
      "version": "18.0.26",
      "resolved": "https://registry.npmjs.org/@types/react/-/react-18.0.26.tgz",
      "integrity": "sha512-hCR3PJQsAIXyxhTNSiDFY//LhnMZWpNNr5etoCqx/iUfGc5gXWtQR2Phl908jVR6uPXacojQWTg4qRpkxTuGug==",
      "dependencies": {
        "@types/prop-types": "*",
        "@types/scheduler": "*",
        "csstype": "^3.0.2"
      }
    },
    "node_modules/@types/react-dom": {
      "version": "18.0.9",
      "resolved": "https://registry.npmjs.org/@types/react-dom/-/react-dom-18.0.9.tgz",
      "integrity": "sha512-qnVvHxASt/H7i+XG1U1xMiY5t+IHcPGUK7TDMDzom08xa7e86eCeKOiLZezwCKVxJn6NEiiy2ekgX8aQssjIKg==",
      "dependencies": {
        "@types/react": "*"
      }
    },
    "node_modules/@types/scheduler": {
      "version": "0.23.0",
      "resolved": "https://registry.npmjs.org/@types/scheduler/-/scheduler-0.23.0.tgz",
      "integrity": "sha512-YIoDCTH3Af6XM5VuwGG/QL/CJqga1Zm3NkU3HZ4ZHK2fRMPYP1VczsTUqtsf43PH/iJNVlPHAo2oWX7BSdB2Hw=="
    },
    "node_modules/busboy": {
      "version": "1.6.0",
      "resolved": "https://registry.npmjs.org/busboy/-/busboy-1.6.0.tgz",
      "integrity": "sha512-8SFQbg/0hQ9xy3UNTB0YEnsNBbWfhf7RtnzpL7TkBiTBRfrQ9Fxcnz7VJsleJpyp6rVLvXiuORqjlHi5q+PYuA==",
      "dependencies": {
        "streamsearch": "^1.1.0"
      },
      "engines": {
        "node": ">=10.16.0"
      }
    },
    "node_modules/caniuse-lite": {
      "version": "1.0.30001612",
      "resolved": "https://registry.npmjs.org/caniuse-lite/-/caniuse-lite-1.0.30001612.tgz",
      "integrity": "sha512-lFgnZ07UhaCcsSZgWW0K5j4e69dK1u/ltrL9lTUiFOwNHs12S3UMIEYgBV0Z6C6hRDev7iRnMzzYmKabYdXF9g==",
      "funding": [
        {
          "type": "opencollective",
          "url": "https://opencollective.com/browserslist"
        },
        {
          "type": "tidelift",
          "url": "https://tidelift.com/funding/github/npm/caniuse-lite"
        },
        {
          "type": "github",
          "url": "https://github.com/sponsors/ai"
        }
      ]
    },
    "node_modules/client-only": {
      "version": "0.0.1",
      "resolved": "https://registry.npmjs.org/client-only/-/client-only-0.0.1.tgz",
      "integrity": "sha512-IV3Ou0jSMzZrd3pZ48nLkT9DA7Ag1pnPzaiQhpW7c3RbcqqzvzzVu+L8gfqMp/8IM2MQtSiqaCxrrcfu8I8rMA=="
    },
    "node_modules/csstype": {
      "version": "3.1.3",
      "resolved": "https://registry.npmjs.org/csstype/-/csstype-3.1.3.tgz",
      "integrity": "sha512-M1uQkMl8rQK/szD0LNhtqxIPLpimGm8sOBwU7lLnCpSbTyY3yeU1Vc7l4KT5zT4s/yOxHH5O7tIuuLOCnLADRw=="
    },
    "node_modules/glob-to-regexp": {
      "version": "0.4.1",
      "resolved": "https://registry.npmjs.org/glob-to-regexp/-/glob-to-regexp-0.4.1.tgz",
      "integrity": "sha512-lkX1HJXwyMcprw/5YUZc2s7DrpAiHB21/V+E1rHUrVNokkvB6bqMzT0VfV6/86ZNabt1k14YOIaT7nDvOX3Iiw=="
    },
    "node_modules/graceful-fs": {
      "version": "4.2.11",
      "resolved": "https://registry.npmjs.org/graceful-fs/-/graceful-fs-4.2.11.tgz",
      "integrity": "sha512-RbJ5/jmFcNNCcDV5o9eTnBLJ/HszWV0P73bc+Ff4nS/rJj+YaS6IGyiOL0VoBYX+l1Wrl3k63h/KrH+nhJ0XvQ=="
    },
    "node_modules/js-tokens": {
      "version": "4.0.0",
      "resolved": "https://registry.npmjs.org/js-tokens/-/js-tokens-4.0.0.tgz",
      "integrity": "sha512-RdJUflcE3cUzKiMqQgsCu06FPu9UdIJO0beYbPhHN4k6apgJtifcoCtT9bcxOpYBtpD2kCM6Sbzg4CausW/PKQ=="
    },
    "node_modules/loose-envify": {
      "version": "1.4.0",
      "resolved": "https://registry.npmjs.org/loose-envify/-/loose-envify-1.4.0.tgz",
      "integrity": "sha512-lyuxPGr/Wfhrlem2CL/UcnUc1zcqKAImBDzukY7Y5F/yQiNdko6+fRLevlw1HgMySw7f611UIY408EtxRSoK3Q==",
      "dependencies": {
        "js-tokens": "^3.0.0 || ^4.0.0"
      },
      "bin": {
        "loose-envify": "cli.js"
      }
    },
    "node_modules/nanoid": {
      "version": "3.3.7",
      "resolved": "https://registry.npmjs.org/nanoid/-/nanoid-3.3.7.tgz",
      "integrity": "sha512-eSRppjcPIatRIMC1U6UngP8XFcz8MQWGQdt1MTBQ7NaAmvXDfvNxbvWV3x2y6CdEUciCSsDHDQZbhYaB8QEo2g==",
      "funding": [
        {
          "type": "github",
          "url": "https://github.com/sponsors/ai"
        }
      ],
      "bin": {
        "nanoid": "bin/nanoid.cjs"
      },
      "engines": {
        "node": "^10 || ^12 || ^13.7 || ^14 || >=15.0.1"
      }
    },
    "node_modules/next": {
      "version": "14.0.0",
      "resolved": "https://registry.npmjs.org/next/-/next-14.0.0.tgz",
      "integrity": "sha512-J0jHKBJpB9zd4+c153sair0sz44mbaCHxggs8ryVXSFBuBqJ8XdE9/ozoV85xGh2VnSjahwntBZZgsihL9QznA==",
      "dependencies": {
        "@next/env": "14.0.0",
        "@swc/helpers": "0.5.2",
        "busboy": "1.6.0",
        "caniuse-lite": "^1.0.30001406",
        "postcss": "8.4.31",
        "styled-jsx": "5.1.1",
        "watchpack": "2.4.0"
      },
      "bin": {
        "next": "dist/bin/next"
      },
      "engines": {
        "node": ">=18.17.0"
      },
      "optionalDependencies": {
        "@next/swc-darwin-arm64": "14.0.0",
        "@next/swc-darwin-x64": "14.0.0",
        "@next/swc-linux-arm64-gnu": "14.0.0",
        "@next/swc-linux-arm64-musl": "14.0.0",
        "@next/swc-linux-x64-gnu": "14.0.0",
        "@next/swc-linux-x64-musl": "14.0.0",
        "@next/swc-win32-arm64-msvc": "14.0.0",
        "@next/swc-win32-ia32-msvc": "14.0.0",
        "@next/swc-win32-x64-msvc": "14.0.0"
      },
      "peerDependencies": {
        "@opentelemetry/api": "^1.1.0",
        "react": "^18.2.0",
        "react-dom": "^18.2.0",
        "sass": "^1.3.0"
      },
      "peerDependenciesMeta": {
        "@opentelemetry/api": {
          "optional": true
        },
        "sass": {
          "optional": true
        }
      }
    },
    "node_modules/picocolors": {
      "version": "1.0.0",
      "resolved": "https://registry.npmjs.org/picocolors/-/picocolors-1.0.0.tgz",
      "integrity": "sha512-1fygroTLlHu66zi26VoTDv8yRgm0Fccecssto+MhsZ0D/DGW2sm8E8AjW7NU5VVTRt5GxbeZ5qBuJr+HyLYkjQ=="
    },
    "node_modules/postcss": {
      "version": "8.4.31",
      "resolved": "https://registry.npmjs.org/postcss/-/postcss-8.4.31.tgz",
      "integrity": "sha512-PS08Iboia9mts/2ygV3eLpY5ghnUcfLV/EXTOW1E2qYxJKGGBUtNjN76FYHnMs36RmARn41bC0AZmn+rR0OVpQ==",
      "funding": [
        {
          "type": "opencollective",
          "url": "https://opencollective.com/postcss/"
        },
        {
          "type": "tidelift",
          "url": "https://tidelift.com/funding/github/npm/postcss"
        },
        {
          "type": "github",
          "url": "https://github.com/sponsors/ai"
        }
      ],
      "dependencies": {
        "nanoid": "^3.3.6",
        "picocolors": "^1.0.0",
        "source-map-js": "^1.0.2"
      },
      "engines": {
        "node": "^10 || ^12 || >=14"
      }
    },
    "node_modules/react": {
      "version": "18.2.0",
      "resolved": "https://registry.npmjs.org/react/-/react-18.2.0.tgz",
      "integrity": "sha512-/3IjMdb2L9QbBdWiW5e3P2/npwMBaU9mHCSCUzNln0ZCYbcfTsGbTJrU/kGemdH2IWmB2ioZ+zkxtmq6g09fGQ==",
      "dependencies": {
        "loose-envify": "^1.1.0"
      },
      "engines": {
        "node": ">=0.10.0"
      }
    },
    "node_modules/react-dom": {
      "version": "18.2.0",
      "resolved": "https://registry.npmjs.org/react-dom/-/react-dom-18.2.0.tgz",
      "integrity": "sha512-6IMTriUmvsjHUjNtEDudZfuDQUoWXVxKHhlEGSk81n4YFS+r/Kl99wXiwlVXtPBtJenozv2P+hxDsw9eA7Xo6g==",
      "dependencies": {
        "loose-envify": "^1.1.0",
        "scheduler": "^0.23.0"
      },
      "peerDependencies": {
        "react": "^18.2.0"
      }
    },
    "node_modules/scheduler": {
      "version": "0.23.0",
      "resolved": "https://registry.npmjs.org/scheduler/-/scheduler-0.23.0.tgz",
      "integrity": "sha512-CtuThmgHNg7zIZWAXi3AsyIzA3n4xx7aNyjwC2VJldO2LMVDhFK+63xGqq6CsJH4rTAt6/M+N4GhZiDYPx9eUw==",
      "dependencies": {
        "loose-envify": "^1.1.0"
      }
    },
    "node_modules/source-map-js": {
      "version": "1.2.0",
      "resolved": "https://registry.npmjs.org/source-map-js/-/source-map-js-1.2.0.tgz",
      "integrity": "sha512-itJW8lvSA0TXEphiRoawsCksnlf8SyvmFzIhltqAHluXd88pkCd+cXJVHTDwdCr0IzwptSm035IHQktUu1QUMg==",
      "engines": {
        "node": ">=0.10.0"
      }
    },
    "node_modules/streamsearch": {
      "version": "1.1.0",
      "resolved": "https://registry.npmjs.org/streamsearch/-/streamsearch-1.1.0.tgz",
      "integrity": "sha512-Mcc5wHehp9aXz1ax6bZUyY5afg9u2rv5cqQI3mRrYkGC8rW2hM02jWuwjtL++LS5qinSyhj2QfLyNsuc+VsExg==",
      "engines": {
        "node": ">=10.0.0"
      }
    },
    "node_modules/styled-jsx": {
      "version": "5.1.1",
      "resolved": "https://registry.npmjs.org/styled-jsx/-/styled-jsx-5.1.1.tgz",
      "integrity": "sha512-pW7uC1l4mBZ8ugbiZrcIsiIvVx1UmTfw7UkC3Um2tmfUq9Bhk8IiyEIPl6F8agHgjzku6j0xQEZbfA5uSgSaCw==",
      "dependencies": {
        "client-only": "0.0.1"
      },
      "engines": {
        "node": ">= 12.0.0"
      },
      "peerDependencies": {
        "react": ">= 16.8.0 || 17.x.x || ^18.0.0-0"
      },
      "peerDependenciesMeta": {
        "@babel/core": {
          "optional": true
        },
        "babel-plugin-macros": {
          "optional": true
        }
      }
    },
    "node_modules/tslib": {
      "version": "2.6.2",
      "resolved": "https://registry.npmjs.org/tslib/-/tslib-2.6.2.tgz",
      "integrity": "sha512-AEYxH93jGFPn/a2iVAwW87VuUIkR1FVUKB77NwMF7nBTDkDrrT/Hpt/IrCJ0QXhW27jTBDcf5ZY7w6RiqTMw2Q=="
    },
    "node_modules/typescript": {
      "version": "4.9.4",
      "resolved": "https://registry.npmjs.org/typescript/-/typescript-4.9.4.tgz",
      "integrity": "sha512-Uz+dTXYzxXXbsFpM86Wh3dKCxrQqUcVMxwU54orwlJjOpO3ao8L7j5lH+dWfTwgCwIuM9GQ2kvVotzYJMXTBZg==",
      "bin": {
        "tsc": "bin/tsc",
        "tsserver": "bin/tsserver"
      },
      "engines": {
        "node": ">=4.2.0"
      }
    },
    "node_modules/watchpack": {
      "version": "2.4.0",
      "resolved": "https://registry.npmjs.org/watchpack/-/watchpack-2.4.0.tgz",
      "integrity": "sha512-Lcvm7MGST/4fup+ifyKi2hjyIAwcdI4HRgtvTpIUxBRhB+RFtUh8XtDOxUfctVCnhVi+QQj49i91OyvzkJl6cg==",
      "dependencies": {
        "glob-to-regexp": "^0.4.1",
        "graceful-fs": "^4.1.2"
      },
      "engines": {
        "node": ">=10.13.0"
      }
    }
  }
}
